{
    "_readme": [
        "This file locks the dependencies of your project to a known state",
        "Read more about it at http://getcomposer.org/doc/01-basic-usage.md#composer-lock-the-lock-file",
        "This file is @generated automatically"
    ],
    "hash": "80b2627c166a17a8315e205ab473a81b",
    "packages": [
        {
            "name": "sabre/event",
            "version": "2.0.0",
            "source": {
                "type": "git",
                "url": "https://github.com/fruux/sabre-event.git",
                "reference": "7081b49acc41c692bb4d84f1e00117bf26fc51e3"
            },
            "dist": {
                "type": "zip",
                "url": "https://api.github.com/repos/fruux/sabre-event/zipball/7081b49acc41c692bb4d84f1e00117bf26fc51e3",
                "reference": "7081b49acc41c692bb4d84f1e00117bf26fc51e3",
                "shasum": ""
            },
            "require": {
                "php": ">=5.4.1"
            },
            "type": "library",
            "autoload": {
                "psr-4": {
                    "Sabre\\Event\\": "lib/"
                }
            },
            "notification-url": "https://packagist.org/downloads/",
            "license": [
                "BSD-3-Clause"
            ],
            "authors": [
                {
                    "name": "Evert Pot",
                    "email": "evert@rooftopsolutions.nl",
                    "homepage": "http://www.rooftopsolutions.nl/",
                    "role": "Developer"
                }
            ],
            "description": "sabre/event is a library for lightweight event-based programming",
            "homepage": "http://sabre.io/event/",
            "keywords": [
                "EventEmitter",
                "events",
                "hooks",
                "plugin",
                "promise",
                "signal"
            ],
            "time": "2014-06-21 22:17:04"
        },
        {
            "name": "sabre/http",
            "version": "2.0.4",
            "source": {
                "type": "git",
                "url": "https://github.com/fruux/sabre-http.git",
                "reference": "c4c24f547a5509c6c661b11ecf4ff524d2bf6a44"
            },
            "dist": {
                "type": "zip",
                "url": "https://api.github.com/repos/fruux/sabre-http/zipball/c4c24f547a5509c6c661b11ecf4ff524d2bf6a44",
                "reference": "c4c24f547a5509c6c661b11ecf4ff524d2bf6a44",
                "shasum": ""
            },
            "require": {
                "ext-mbstring": "*",
                "php": ">=5.4",
                "sabre/event": ">=1.0.0,<3.0.0"
            },
            "require-dev": {
                "phpunit/phpunit": "*",
                "squizlabs/php_codesniffer": "~1.5.3"
            },
            "suggest": {
                "ext-curl": " to make http requests with the Client class"
            },
            "type": "library",
            "autoload": {
                "psr-0": {
                    "Sabre\\HTTP": "lib/"
                }
            },
            "notification-url": "https://packagist.org/downloads/",
            "license": [
                "BSD-3-Clause"
            ],
            "authors": [
                {
                    "name": "Evert Pot",
                    "email": "evert@rooftopsolutions.nl",
                    "homepage": "http://www.rooftopsolutions.nl/",
                    "role": "Developer"
                }
            ],
            "description": "The sabre/http library provides utilities for dealing with http requests and responses. ",
            "homepage": "https://github.com/fruux/sabre-http",
            "keywords": [
                "http"
            ],
            "time": "2014-07-14 18:13:13"
        }
    ],
    "packages-dev": [],
    "aliases": [],
    "minimum-stability": "stable",
    "stability-flags": [],
    "prefer-stable": false,
    "platform": {
        "ext-mbstring": "*"
    },
    "platform-dev": []
}
